
Microsoft Visual Studio Solution File, Format Version 12.00
# Visual Studio Version 16
VisualStudioVersion = 16.0.31321.278
MinimumVisualStudioVersion = 10.0.40219.1
Project("{FAE04EC0-301F-11D3-BF4B-00C04F79EFBC}") = "AzureWebApp", "AzureWebApp\AzureWebApp.csproj", "{EE8729C7-58D7-49A1-B1B2-2ECC3B04DF55}"
EndProject
Global
	GlobalSection(SolutionConfigurationPlatforms) = preSolution
		Debug|Any CPU = Debug|Any CPU
		Release|Any CPU = Release|Any CPU
	EndGlobalSection
	GlobalSection(ProjectConfigurationPlatforms) = postSolution
		{EE8729C7-58D7-49A1-B1B2-2ECC3B04DF55}.Debug|Any CPU.ActiveCfg = Debug|Any CPU
		{EE8729C7-58D7-49A1-B1B2-2ECC3B04DF55}.Debug|Any CPU.Build.0 = Debug|Any CPU
		{EE8729C7-58D7-49A1-B1B2-2ECC3B04DF55}.Release|Any CPU.ActiveCfg = Release|Any CPU
		{EE8729C7-58D7-49A1-B1B2-2ECC3B04DF55}.Release|Any CPU.Build.0 = Release|Any CPU
	EndGlobalSection
	GlobalSection(SolutionProperties) = preSolution
		HideSolutionNode = FALSE
	EndGlobalSection
	GlobalSection(ExtensibilityGlobals) = postSolution
		SolutionGuid = {1A9206A7-EC66-40E7-805B-2E6982C2DBCB}
	EndGlobalSection
EndGlobal
